{
  "version": 4,
  "terraform_version": "1.3.9",
  "serial": 10,
  "lineage": "6e8fd349-382d-618c-a445-b5a3aed7c23f",
  "outputs": {},
  "resources": [
    {
      "mode": "managed",
      "type": "azurerm_linux_web_app",
      "name": "experiment1",
      "provider": "provider[\"registry.terraform.io/hashicorp/azurerm\"]",
      "instances": [
        {
          "schema_version": 0,
          "attributes": {
            "app_settings": {
              "WEBSITES_PORT": "8080"
            },
            "auth_settings": [],
            "auth_settings_v2": [],
            "backup": [],
            "client_affinity_enabled": false,
            "client_certificate_enabled": false,
            "client_certificate_exclusion_paths": "",
            "client_certificate_mode": "Required",
            "connection_string": [],
            "custom_domain_verification_id": "C924FA539946766F86768B2D70612A64AEC7AD0B7DF801C8C5D455DE53E6BF8D",
            "default_hostname": "mkheck-tf-app.azurewebsites.net",
            "enabled": true,
            "https_only": true,
            "id": "/subscriptions/0dbb7410-460a-4530-82ed-70039f35e357/resourceGroups/mkheck-tf-rg/providers/Microsoft.Web/sites/mkheck-tf-app",
            "identity": [],
            "key_vault_reference_identity_id": "SystemAssigned",
            "kind": "app,linux",
            "location": "eastus",
            "logs": [],
            "name": "mkheck-tf-app",
            "outbound_ip_address_list": [
              "52.147.223.72",
              "52.149.232.26",
              "52.149.232.46",
              "52.149.232.194",
              "52.142.31.38",
              "52.149.233.38",
              "20.119.8.29"
            ],
            "outbound_ip_addresses": "52.147.223.72,52.149.232.26,52.149.232.46,52.149.232.194,52.142.31.38,52.149.233.38,20.119.8.29",
            "possible_outbound_ip_address_list": [
              "52.147.223.72",
              "52.149.232.26",
              "52.149.232.46",
              "52.149.232.194",
              "52.142.31.38",
              "52.149.233.38",
              "52.149.233.72",
              "52.149.233.166",
              "52.149.234.120",
              "52.142.28.165",
              "52.149.238.121",
              "52.149.239.57",
              "52.149.239.163",
              "52.152.184.97",
              "52.152.185.102",
              "52.152.185.236",
              "52.152.186.39",
              "52.152.188.168",
              "52.152.189.237",
              "52.152.190.181",
              "52.170.160.121",
              "52.170.161.43",
              "52.170.161.90",
              "20.185.76.213",
              "20.119.8.29"
            ],
            "possible_outbound_ip_addresses": "52.147.223.72,52.149.232.26,52.149.232.46,52.149.232.194,52.142.31.38,52.149.233.38,52.149.233.72,52.149.233.166,52.149.234.120,52.142.28.165,52.149.238.121,52.149.239.57,52.149.239.163,52.152.184.97,52.152.185.102,52.152.185.236,52.152.186.39,52.152.188.168,52.152.189.237,52.152.190.181,52.170.160.121,52.170.161.43,52.170.161.90,20.185.76.213,20.119.8.29",
            "resource_group_name": "mkheck-tf-rg",
            "service_plan_id": "/subscriptions/0dbb7410-460a-4530-82ed-70039f35e357/resourceGroups/mkheck-tf-rg/providers/Microsoft.Web/serverfarms/mkheck-tf-plan",
            "site_config": [
              {
                "always_on": true,
                "api_definition_url": "",
                "api_management_api_id": "",
                "app_command_line": "",
                "application_stack": [
                  {
                    "docker_image": "",
                    "docker_image_tag": "",
                    "dotnet_version": "",
                    "go_version": "",
                    "java_server": "JAVA",
                    "java_server_version": "JAVA:17",
                    "java_version": "",
                    "node_version": "",
                    "php_version": "",
                    "python_version": "",
                    "ruby_version": ""
                  }
                ],
                "auto_heal_enabled": false,
                "auto_heal_setting": [],
                "container_registry_managed_identity_client_id": "",
                "container_registry_use_managed_identity": false,
                "cors": [],
                "default_documents": [
                  "Default.htm",
                  "Default.html",
                  "Default.asp",
                  "index.htm",
                  "index.html",
                  "iisstart.htm",
                  "default.aspx",
                  "index.php",
                  "hostingstart.html"
                ],
                "detailed_error_logging_enabled": false,
                "ftps_state": "Disabled",
                "health_check_eviction_time_in_min": 0,
                "health_check_path": "",
                "http2_enabled": false,
                "ip_restriction": [],
                "linux_fx_version": "JAVA|JAVA:17-java17-java17",
                "load_balancing_mode": "LeastRequests",
                "local_mysql_enabled": false,
                "managed_pipeline_mode": "Integrated",
                "minimum_tls_version": "1.2",
                "remote_debugging_enabled": false,
                "remote_debugging_version": "VS2019",
                "scm_ip_restriction": [],
                "scm_minimum_tls_version": "1.2",
                "scm_type": "None",
                "scm_use_main_ip_restriction": false,
                "use_32_bit_worker": true,
                "vnet_route_all_enabled": false,
                "websockets_enabled": false,
                "worker_count": 1
              }
            ],
            "site_credential": [
              {
                "name": "$mkheck-tf-app",
                "password": "nDtviTmax9PwHjAWJFo1PrynfjPEvZepPXJ8uiXYMwptkNoTuuswjNsdWawK"
              }
            ],
            "sticky_settings": [],
            "storage_account": [],
            "tags": {},
            "timeouts": null,
            "virtual_network_subnet_id": "",
            "zip_deploy_file": ""
          },
          "sensitive_attributes": [],
          "private": "eyJlMmJmYjczMC1lY2FhLTExZTYtOGY4OC0zNDM2M2JjN2M0YzAiOnsiY3JlYXRlIjoxODAwMDAwMDAwMDAwLCJkZWxldGUiOjE4MDAwMDAwMDAwMDAsInJlYWQiOjMwMDAwMDAwMDAwMCwidXBkYXRlIjoxODAwMDAwMDAwMDAwfX0=",
          "dependencies": [
            "azurerm_resource_group.experiment1",
            "azurerm_service_plan.experiment1"
          ]
        }
      ]
    },
    {
      "mode": "managed",
      "type": "azurerm_resource_group",
      "name": "experiment1",
      "provider": "provider[\"registry.terraform.io/hashicorp/azurerm\"]",
      "instances": [
        {
          "schema_version": 0,
          "attributes": {
            "id": "/subscriptions/0dbb7410-460a-4530-82ed-70039f35e357/resourceGroups/mkheck-tf-rg",
            "location": "eastus",
            "name": "mkheck-tf-rg",
            "tags": {
              "Terraform": "true"
            },
            "timeouts": null
          },
          "sensitive_attributes": [],
          "private": "eyJlMmJmYjczMC1lY2FhLTExZTYtOGY4OC0zNDM2M2JjN2M0YzAiOnsiY3JlYXRlIjo1NDAwMDAwMDAwMDAwLCJkZWxldGUiOjU0MDAwMDAwMDAwMDAsInJlYWQiOjMwMDAwMDAwMDAwMCwidXBkYXRlIjo1NDAwMDAwMDAwMDAwfX0="
        }
      ]
    },
    {
      "mode": "managed",
      "type": "azurerm_service_plan",
      "name": "experiment1",
      "provider": "provider[\"registry.terraform.io/hashicorp/azurerm\"]",
      "instances": [
        {
          "schema_version": 0,
          "attributes": {
            "app_service_environment_id": "",
            "id": "/subscriptions/0dbb7410-460a-4530-82ed-70039f35e357/resourceGroups/mkheck-tf-rg/providers/Microsoft.Web/serverfarms/mkheck-tf-plan",
            "kind": "linux",
            "location": "eastus",
            "maximum_elastic_worker_count": 1,
            "name": "mkheck-tf-plan",
            "os_type": "Linux",
            "per_site_scaling_enabled": false,
            "reserved": true,
            "resource_group_name": "mkheck-tf-rg",
            "sku_name": "B1",
            "tags": {},
            "timeouts": null,
            "worker_count": 1,
            "zone_balancing_enabled": false
          },
          "sensitive_attributes": [],
          "private": "eyJlMmJmYjczMC1lY2FhLTExZTYtOGY4OC0zNDM2M2JjN2M0YzAiOnsiY3JlYXRlIjozNjAwMDAwMDAwMDAwLCJkZWxldGUiOjM2MDAwMDAwMDAwMDAsInJlYWQiOjMwMDAwMDAwMDAwMCwidXBkYXRlIjozNjAwMDAwMDAwMDAwfX0=",
          "dependencies": [
            "azurerm_resource_group.experiment1"
          ]
        }
      ]
    }
  ],
  "check_results": null
}
